{
  "nodes": {
    "nixpkgs": {
      "locked": {
        "lastModified": 1744932701,
        "narHash": "sha256-fusHbZCyv126cyArUwwKrLdCkgVAIaa/fQJYFlCEqiU=",
        "owner": "NixOS",
        "repo": "nixpkgs",
        "rev": "b024ced1aac25639f8ca8fdfc2f8c4fbd66c48ef",
        "type": "github"
      },
      "original": {
        "owner": "NixOS",
        "ref": "nixos-unstable",
        "repo": "nixpkgs",
        "type": "github"
      }
    },
    "root": {
      "inputs": {
        "nixpkgs": "nixpkgs",
        "typstPackagesRepository": "typstPackagesRepository"
      }
    },
    "typstPackagesRepository": {
      "flake": false,
      "locked": {
        "lastModified": 1744978276,
        "narHash": "sha256-zTLAev9KgwJ3pHM+9ugaM6r6+2SfdQWwIbov3Q9qw+k=",
        "owner": "typst",
        "repo": "packages",
        "rev": "7a767b6919f48bb09bc8fecfc13708c1f9b215e7",
        "type": "github"
      },
      "original": {
        "owner": "typst",
        "repo": "packages",
        "type": "github"
      }
    }
  },
  "root": "root",
  "version": 7
}
