{
  "nodes": {
    "nixpkgs": {
      "locked": {
        "lastModified": 1739866667,
        "narHash": "sha256-EO1ygNKZlsAC9avfcwHkKGMsmipUk1Uc0TbrEZpkn64=",
        "owner": "NixOS",
        "repo": "nixpkgs",
        "rev": "73cf49b8ad837ade2de76f87eb53fc85ed5d4680",
        "type": "github"
      },
      "original": {
        "owner": "NixOS",
        "ref": "nixos-unstable",
        "repo": "nixpkgs",
        "type": "github"
      }
    },
    "previewPackagesRepository": {
      "flake": false,
      "locked": {
        "lastModified": 1739953413,
        "narHash": "sha256-wwMCLTFWEJvyQZMZ+N30LrG9w6FfoWfp9tzCt4BXFQc=",
        "owner": "typst",
        "repo": "packages",
        "rev": "7752964daa3196be81af765fa0dedb7b3661da22",
        "type": "github"
      },
      "original": {
        "owner": "typst",
        "repo": "packages",
        "type": "github"
      }
    },
    "root": {
      "inputs": {
        "nixpkgs": "nixpkgs",
        "previewPackagesRepository": "previewPackagesRepository"
      }
    }
  },
  "root": "root",
  "version": 7
}
