{
  "nodes": {
    "nixpkgs": {
      "locked": {
        "lastModified": 1715447595,
        "narHash": "sha256-VsVAUQOj/cS1LCOmMjAGeRksXIAdPnFIjCQ0XLkCsT0=",
        "owner": "NixOS",
        "repo": "nixpkgs",
        "rev": "062ca2a9370a27a35c524dc82d540e6e9824b652",
        "type": "github"
      },
      "original": {
        "owner": "NixOS",
        "ref": "nixos-unstable",
        "repo": "nixpkgs",
        "type": "github"
      }
    },
    "previewPackagesRepository": {
      "flake": false,
      "locked": {
        "lastModified": 1715155861,
        "narHash": "sha256-B6aH3EQhAukMsuZBvv975KNs7d8pHX2jMc2uppho/1Q=",
        "owner": "typst",
        "repo": "packages",
        "rev": "3fdc5567a7027833212b465af5c19d59325c75ba",
        "type": "github"
      },
      "original": {
        "owner": "typst",
        "repo": "packages",
        "type": "github"
      }
    },
    "root": {
      "inputs": {
        "nixpkgs": "nixpkgs",
        "previewPackagesRepository": "previewPackagesRepository"
      }
    }
  },
  "root": "root",
  "version": 7
}
